// !$*UTF8*$!
{
	archiveVersion = 1;
	classes = {
	};
	objectVersion = 48;
	objects = {

/* Begin PBXBuildFile section */
		651E4A201FC32CDD0029C990 /* AppDelegate.swift in Sources */ = {isa = PBXBuildFile; fileRef = 651E4A1F1FC32CDD0029C990 /* AppDelegate.swift */; };
		651E4A221FC32CDD0029C990 /* ViewController.swift in Sources */ = {isa = PBXBuildFile; fileRef = 651E4A211FC32CDD0029C990 /* ViewController.swift */; };
		651E4A251FC32CDD0029C990 /* Main.storyboard in Resources */ = {isa = PBXBuildFile; fileRef = 651E4A231FC32CDD0029C990 /* Main.storyboard */; };
		651E4A271FC32CDD0029C990 /* Assets.xcassets in Resources */ = {isa = PBXBuildFile; fileRef = 651E4A261FC32CDD0029C990 /* Assets.xcassets */; };
		651E4A2A1FC32CDD0029C990 /* LaunchScreen.storyboard in Resources */ = {isa = PBXBuildFile; fileRef = 651E4A281FC32CDD0029C990 /* LaunchScreen.storyboard */; };
		651E4A871FC330070029C990 /* region.json in Resources */ = {isa = PBXBuildFile; fileRef = 651E4A861FC330070029C990 /* region.json */; };
		68A40D252452D9A50032147E /* RegionMark.swift in Sources */ = {isa = PBXBuildFile; fileRef = 68A40D1D2452D9A50032147E /* RegionMark.swift */; };
		68A40D262452D9A50032147E /* UIColor.swift in Sources */ = {isa = PBXBuildFile; fileRef = 68A40D1E2452D9A50032147E /* UIColor.swift */; };
		68A40D272452D9A50032147E /* PolygonColorTransform.swift in Sources */ = {isa = PBXBuildFile; fileRef = 68A40D1F2452D9A50032147E /* PolygonColorTransform.swift */; };
		68A40D282452D9A50032147E /* RegionPoint.swift in Sources */ = {isa = PBXBuildFile; fileRef = 68A40D202452D9A50032147E /* RegionPoint.swift */; };
		68A40D292452D9A50032147E /* String.swift in Sources */ = {isa = PBXBuildFile; fileRef = 68A40D212452D9A50032147E /* String.swift */; };
		68A40D2A2452D9A50032147E /* PolygonRegion.swift in Sources */ = {isa = PBXBuildFile; fileRef = 68A40D222452D9A50032147E /* PolygonRegion.swift */; };
		68A40D2B2452D9A50032147E /* PolygonMap.swift in Sources */ = {isa = PBXBuildFile; fileRef = 68A40D232452D9A50032147E /* PolygonMap.swift */; };
		68A40D2C2452D9A50032147E /* UIPolygonView.swift in Sources */ = {isa = PBXBuildFile; fileRef = 68A40D242452D9A50032147E /* UIPolygonView.swift */; };
		C00DC132EEF1CD5508A9F012 /* Pods_PolygonAPI.framework in Frameworks */ = {isa = PBXBuildFile; fileRef = A828E69A5AF825914E3ECE9A /* Pods_PolygonAPI.framework */; };
/* End PBXBuildFile section */

/* Begin PBXFileReference section */
		651E4A1C1FC32CDD0029C990 /* PolygonAPI.app */ = {isa = PBXFileReference; explicitFileType = wrapper.application; includeInIndex = 0; path = PolygonAPI.app; sourceTree = BUILT_PRODUCTS_DIR; };
		651E4A1F1FC32CDD0029C990 /* AppDelegate.swift */ = {isa = PBXFileReference; lastKnownFileType = sourcecode.swift; path = AppDelegate.swift; sourceTree = "<group>"; };
		651E4A211FC32CDD0029C990 /* ViewController.swift */ = {isa = PBXFileReference; lastKnownFileType = sourcecode.swift; path = ViewController.swift; sourceTree = "<group>"; };
		651E4A241FC32CDD0029C990 /* Base */ = {isa = PBXFileReference; lastKnownFileType = file.storyboard; name = Base; path = Base.lproj/Main.storyboard; sourceTree = "<group>"; };
		651E4A261FC32CDD0029C990 /* Assets.xcassets */ = {isa = PBXFileReference; lastKnownFileType = folder.assetcatalog; path = Assets.xcassets; sourceTree = "<group>"; };
		651E4A291FC32CDD0029C990 /* Base */ = {isa = PBXFileReference; lastKnownFileType = file.storyboard; name = Base; path = Base.lproj/LaunchScreen.storyboard; sourceTree = "<group>"; };
		651E4A2B1FC32CDD0029C990 /* Info.plist */ = {isa = PBXFileReference; lastKnownFileType = text.plist.xml; path = Info.plist; sourceTree = "<group>"; };
		651E4A861FC330070029C990 /* region.json */ = {isa = PBXFileReference; fileEncoding = 4; lastKnownFileType = text.json; path = region.json; sourceTree = "<group>"; };
		68A40D1D2452D9A50032147E /* RegionMark.swift */ = {isa = PBXFileReference; fileEncoding = 4; lastKnownFileType = sourcecode.swift; path = RegionMark.swift; sourceTree = "<group>"; };
		68A40D1E2452D9A50032147E /* UIColor.swift */ = {isa = PBXFileReference; fileEncoding = 4; lastKnownFileType = sourcecode.swift; path = UIColor.swift; sourceTree = "<group>"; };
		68A40D1F2452D9A50032147E /* PolygonColorTransform.swift */ = {isa = PBXFileReference; fileEncoding = 4; lastKnownFileType = sourcecode.swift; path = PolygonColorTransform.swift; sourceTree = "<group>"; };
		68A40D202452D9A50032147E /* RegionPoint.swift */ = {isa = PBXFileReference; fileEncoding = 4; lastKnownFileType = sourcecode.swift; path = RegionPoint.swift; sourceTree = "<group>"; };
		68A40D212452D9A50032147E /* String.swift */ = {isa = PBXFileReference; fileEncoding = 4; lastKnownFileType = sourcecode.swift; path = String.swift; sourceTree = "<group>"; };
		68A40D222452D9A50032147E /* PolygonRegion.swift */ = {isa = PBXFileReference; fileEncoding = 4; lastKnownFileType = sourcecode.swift; path = PolygonRegion.swift; sourceTree = "<group>"; };
		68A40D232452D9A50032147E /* PolygonMap.swift */ = {isa = PBXFileReference; fileEncoding = 4; lastKnownFileType = sourcecode.swift; path = PolygonMap.swift; sourceTree = "<group>"; };
		68A40D242452D9A50032147E /* UIPolygonView.swift */ = {isa = PBXFileReference; fileEncoding = 4; lastKnownFileType = sourcecode.swift; path = UIPolygonView.swift; sourceTree = "<group>"; };
		733020B5131D1E559A19A41A /* Pods-PolygonAPI.release.xcconfig */ = {isa = PBXFileReference; includeInIndex = 1; lastKnownFileType = text.xcconfig; name = "Pods-PolygonAPI.release.xcconfig"; path = "Target Support Files/Pods-PolygonAPI/Pods-PolygonAPI.release.xcconfig"; sourceTree = "<group>"; };
		A828E69A5AF825914E3ECE9A /* Pods_PolygonAPI.framework */ = {isa = PBXFileReference; explicitFileType = wrapper.framework; includeInIndex = 0; path = Pods_PolygonAPI.framework; sourceTree = BUILT_PRODUCTS_DIR; };
		CFF8D6A2BE1A47718D9B6F46 /* Pods-PolygonAPI.debug.xcconfig */ = {isa = PBXFileReference; includeInIndex = 1; lastKnownFileType = text.xcconfig; name = "Pods-PolygonAPI.debug.xcconfig"; path = "Target Support Files/Pods-PolygonAPI/Pods-PolygonAPI.debug.xcconfig"; sourceTree = "<group>"; };
/* End PBXFileReference section */

/* Begin PBXFrameworksBuildPhase section */
		651E4A191FC32CDD0029C990 /* Frameworks */ = {
			isa = PBXFrameworksBuildPhase;
			buildActionMask = 2147483647;
			files = (
				C00DC132EEF1CD5508A9F012 /* Pods_PolygonAPI.framework in Frameworks */,
			);
			runOnlyForDeploymentPostprocessing = 0;
		};
/* End PBXFrameworksBuildPhase section */

/* Begin PBXGroup section */
		24803A7FD745F8ACF2AAA4F3 /* Pods */ = {
			isa = PBXGroup;
			children = (
				CFF8D6A2BE1A47718D9B6F46 /* Pods-PolygonAPI.debug.xcconfig */,
				733020B5131D1E559A19A41A /* Pods-PolygonAPI.release.xcconfig */,
			);
			path = Pods;
			sourceTree = "<group>";
		};
		651E4A131FC32CDD0029C990 = {
			isa = PBXGroup;
			children = (
				651E4A1E1FC32CDD0029C990 /* PolygonAPI */,
				651E4A1D1FC32CDD0029C990 /* Products */,
				24803A7FD745F8ACF2AAA4F3 /* Pods */,
				913F56C412D08ADD950DC518 /* Frameworks */,
			);
			sourceTree = "<group>";
		};
		651E4A1D1FC32CDD0029C990 /* Products */ = {
			isa = PBXGroup;
			children = (
				651E4A1C1FC32CDD0029C990 /* PolygonAPI.app */,
			);
			name = Products;
			sourceTree = "<group>";
		};
		651E4A1E1FC32CDD0029C990 /* PolygonAPI */ = {
			isa = PBXGroup;
			children = (
				68A40D1C2452D9A50032147E /* Sources */,
				651E4A1F1FC32CDD0029C990 /* AppDelegate.swift */,
				651E4A211FC32CDD0029C990 /* ViewController.swift */,
				651E4A861FC330070029C990 /* region.json */,
				651E4A231FC32CDD0029C990 /* Main.storyboard */,
				651E4A261FC32CDD0029C990 /* Assets.xcassets */,
				651E4A281FC32CDD0029C990 /* LaunchScreen.storyboard */,
				651E4A2B1FC32CDD0029C990 /* Info.plist */,
			);
			path = PolygonAPI;
			sourceTree = "<group>";
		};
		68A40D1C2452D9A50032147E /* Sources */ = {
			isa = PBXGroup;
			children = (
				68A40D1E2452D9A50032147E /* UIColor.swift */,
				68A40D212452D9A50032147E /* String.swift */,
				68A40D1D2452D9A50032147E /* RegionMark.swift */,
				68A40D1F2452D9A50032147E /* PolygonColorTransform.swift */,
				68A40D202452D9A50032147E /* RegionPoint.swift */,
				68A40D222452D9A50032147E /* PolygonRegion.swift */,
				68A40D232452D9A50032147E /* PolygonMap.swift */,
				68A40D242452D9A50032147E /* UIPolygonView.swift */,
			);
			path = Sources;
			sourceTree = "<group>";
		};
		913F56C412D08ADD950DC518 /* Frameworks */ = {
			isa = PBXGroup;
			children = (
				A828E69A5AF825914E3ECE9A /* Pods_PolygonAPI.framework */,
			);
			name = Frameworks;
			sourceTree = "<group>";
		};
/* End PBXGroup section */

/* Begin PBXNativeTarget section */
		651E4A1B1FC32CDD0029C990 /* PolygonAPI */ = {
			isa = PBXNativeTarget;
			buildConfigurationList = 651E4A2E1FC32CDD0029C990 /* Build configuration list for PBXNativeTarget "PolygonAPI" */;
			buildPhases = (
				AA3225249B8E80639C3C47EE /* [CP] Check Pods Manifest.lock */,
				651E4A181FC32CDD0029C990 /* Sources */,
				651E4A191FC32CDD0029C990 /* Frameworks */,
				651E4A1A1FC32CDD0029C990 /* Resources */,
				97A0B18D5A0224120B07A43E /* [CP] Embed Pods Frameworks */,
			);
			buildRules = (
			);
			dependencies = (
			);
			name = PolygonAPI;
			productName = PolygonAPI;
			productReference = 651E4A1C1FC32CDD0029C990 /* PolygonAPI.app */;
			productType = "com.apple.product-type.application";
		};
/* End PBXNativeTarget section */

/* Begin PBXProject section */
		651E4A141FC32CDD0029C990 /* Project object */ = {
			isa = PBXProject;
			attributes = {
				LastSwiftUpdateCheck = 0910;
				LastUpgradeCheck = 0910;
				ORGANIZATIONNAME = xattacker;
				TargetAttributes = {
					651E4A1B1FC32CDD0029C990 = {
						CreatedOnToolsVersion = 9.1;
						LastSwiftMigration = 1020;
						ProvisioningStyle = Automatic;
					};
				};
			};
			buildConfigurationList = 651E4A171FC32CDD0029C990 /* Build configuration list for PBXProject "PolygonAPI" */;
			compatibilityVersion = "Xcode 8.0";
			developmentRegion = en;
			hasScannedForEncodings = 0;
			knownRegions = (
				en,
				Base,
			);
			mainGroup = 651E4A131FC32CDD0029C990;
			productRefGroup = 651E4A1D1FC32CDD0029C990 /* Products */;
			projectDirPath = "";
			projectRoot = "";
			targets = (
				651E4A1B1FC32CDD0029C990 /* PolygonAPI */,
			);
		};
/* End PBXProject section */

/* Begin PBXResourcesBuildPhase section */
		651E4A1A1FC32CDD0029C990 /* Resources */ = {
			isa = PBXResourcesBuildPhase;
			buildActionMask = 2147483647;
			files = (
				651E4A2A1FC32CDD0029C990 /* LaunchScreen.storyboard in Resources */,
				651E4A271FC32CDD0029C990 /* Assets.xcassets in Resources */,
				651E4A251FC32CDD0029C990 /* Main.storyboard in Resources */,
				651E4A871FC330070029C990 /* region.json in Resources */,
			);
			runOnlyForDeploymentPostprocessing = 0;
		};
/* End PBXResourcesBuildPhase section */

/* Begin PBXShellScriptBuildPhase section */
		97A0B18D5A0224120B07A43E /* [CP] Embed Pods Frameworks */ = {
			isa = PBXShellScriptBuildPhase;
			buildActionMask = 2147483647;
			files = (
			);
			inputPaths = (
				"${PODS_ROOT}/Target Support Files/Pods-PolygonAPI/Pods-PolygonAPI-frameworks.sh",
				"${BUILT_PRODUCTS_DIR}/ObjectMapper/ObjectMapper.framework",
			);
			name = "[CP] Embed Pods Frameworks";
			outputPaths = (
				"${TARGET_BUILD_DIR}/${FRAMEWORKS_FOLDER_PATH}/ObjectMapper.framework",
			);
			runOnlyForDeploymentPostprocessing = 0;
			shellPath = /bin/sh;
			shellScript = "\"${PODS_ROOT}/Target Support Files/Pods-PolygonAPI/Pods-PolygonAPI-frameworks.sh\"\n";
			showEnvVarsInLog = 0;
		};
		AA3225249B8E80639C3C47EE /* [CP] Check Pods Manifest.lock */ = {
			isa = PBXShellScriptBuildPhase;
			buildActionMask = 2147483647;
			files = (
			);
			inputFileListPaths = (
			);
			inputPaths = (
				"${PODS_PODFILE_DIR_PATH}/Podfile.lock",
				"${PODS_ROOT}/Manifest.lock",
			);
			name = "[CP] Check Pods Manifest.lock";
			outputFileListPaths = (
			);
			outputPaths = (
				"$(DERIVED_FILE_DIR)/Pods-PolygonAPI-checkManifestLockResult.txt",
			);
			runOnlyForDeploymentPostprocessing = 0;
			shellPath = /bin/sh;
			shellScript = "diff \"${PODS_PODFILE_DIR_PATH}/Podfile.lock\" \"${PODS_ROOT}/Manifest.lock\" > /dev/null\nif [ $? != 0 ] ; then\n    # print error to STDERR\n    echo \"error: The sandbox is not in sync with the Podfile.lock. Run 'pod install' or update your CocoaPods installation.\" >&2\n    exit 1\nfi\n# This output is used by Xcode 'outputs' to avoid re-running this script phase.\necho \"SUCCESS\" > \"${SCRIPT_OUTPUT_FILE_0}\"\n";
			showEnvVarsInLog = 0;
		};
/* End PBXShellScriptBuildPhase section */

/* Begin PBXSourcesBuildPhase section */
		651E4A181FC32CDD0029C990 /* Sources */ = {
			isa = PBXSourcesBuildPhase;
			buildActionMask = 2147483647;
			files = (
				68A40D252452D9A50032147E /* RegionMark.swift in Sources */,
				68A40D262452D9A50032147E /* UIColor.swift in Sources */,
				68A40D2A2452D9A50032147E /* PolygonRegion.swift in Sources */,
				68A40D272452D9A50032147E /* PolygonColorTransform.swift in Sources */,
				68A40D2B2452D9A50032147E /* PolygonMap.swift in Sources */,
				651E4A221FC32CDD0029C990 /* ViewController.swift in Sources */,
				68A40D292452D9A50032147E /* String.swift in Sources */,
				68A40D282452D9A50032147E /* RegionPoint.swift in Sources */,
				651E4A201FC32CDD0029C990 /* AppDelegate.swift in Sources */,
				68A40D2C2452D9A50032147E /* UIPolygonView.swift in Sources */,
			);
			runOnlyForDeploymentPostprocessing = 0;
		};
/* End PBXSourcesBuildPhase section */

/* Begin PBXVariantGroup section */
		651E4A231FC32CDD0029C990 /* Main.storyboard */ = {
			isa = PBXVariantGroup;
			children = (
				651E4A241FC32CDD0029C990 /* Base */,
			);
			name = Main.storyboard;
			sourceTree = "<group>";
		};
		651E4A281FC32CDD0029C990 /* LaunchScreen.storyboard */ = {
			isa = PBXVariantGroup;
			children = (
				651E4A291FC32CDD0029C990 /* Base */,
			);
			name = LaunchScreen.storyboard;
			sourceTree = "<group>";
		};
/* End PBXVariantGroup section */

/* Begin XCBuildConfiguration section */
		651E4A2C1FC32CDD0029C990 /* Debug */ = {
			isa = XCBuildConfiguration;
			buildSettings = {
				ALWAYS_SEARCH_USER_PATHS = NO;
				CLANG_ANALYZER_NONNULL = YES;
				CLANG_ANALYZER_NUMBER_OBJECT_CONVERSION = YES_AGGRESSIVE;
				CLANG_CXX_LANGUAGE_STANDARD = "gnu++14";
				CLANG_CXX_LIBRARY = "libc++";
				CLANG_ENABLE_MODULES = YES;
				CLANG_ENABLE_OBJC_ARC = YES;
				CLANG_WARN_BLOCK_CAPTURE_AUTORELEASING = YES;
				CLANG_WARN_BOOL_CONVERSION = YES;
				CLANG_WARN_COMMA = YES;
				CLANG_WARN_CONSTANT_CONVERSION = YES;
				CLANG_WARN_DIRECT_OBJC_ISA_USAGE = YES_ERROR;
				CLANG_WARN_DOCUMENTATION_COMMENTS = YES;
				CLANG_WARN_EMPTY_BODY = YES;
				CLANG_WARN_ENUM_CONVERSION = YES;
				CLANG_WARN_INFINITE_RECURSION = YES;
				CLANG_WARN_INT_CONVERSION = YES;
				CLANG_WARN_NON_LITERAL_NULL_CONVERSION = YES;
				CLANG_WARN_OBJC_LITERAL_CONVERSION = YES;
				CLANG_WARN_OBJC_ROOT_CLASS = YES_ERROR;
				CLANG_WARN_RANGE_LOOP_ANALYSIS = YES;
				CLANG_WARN_STRICT_PROTOTYPES = YES;
				CLANG_WARN_SUSPICIOUS_MOVE = YES;
				CLANG_WARN_UNGUARDED_AVAILABILITY = YES_AGGRESSIVE;
				CLANG_WARN_UNREACHABLE_CODE = YES;
				CLANG_WARN__DUPLICATE_METHOD_MATCH = YES;
				CODE_SIGN_IDENTITY = "iPhone Developer";
				COPY_PHASE_STRIP = NO;
				DEBUG_INFORMATION_FORMAT = dwarf;
				ENABLE_STRICT_OBJC_MSGSEND = YES;
				ENABLE_TESTABILITY = YES;
				GCC_C_LANGUAGE_STANDARD = gnu11;
				GCC_DYNAMIC_NO_PIC = NO;
				GCC_NO_COMMON_BLOCKS = YES;
				GCC_OPTIMIZATION_LEVEL = 0;
				GCC_PREPROCESSOR_DEFINITIONS = (
					"DEBUG=1",
					"$(inherited)",
				);
				GCC_WARN_64_TO_32_BIT_CONVERSION = YES;
				GCC_WARN_ABOUT_RETURN_TYPE = YES_ERROR;
				GCC_WARN_UNDECLARED_SELECTOR = YES;
				GCC_WARN_UNINITIALIZED_AUTOS = YES_AGGRESSIVE;
				GCC_WARN_UNUSED_FUNCTION = YES;
				GCC_WARN_UNUSED_VARIABLE = YES;
				IPHONEOS_DEPLOYMENT_TARGET = 10.0;
				MTL_ENABLE_DEBUG_INFO = YES;
				ONLY_ACTIVE_ARCH = YES;
				SDKROOT = iphoneos;
				SWIFT_ACTIVE_COMPILATION_CONDITIONS = DEBUG;
				SWIFT_OPTIMIZATION_LEVEL = "-Onone";
				SWIFT_VERSION = 5.0;
			};
			name = Debug;
		};
		651E4A2D1FC32CDD0029C990 /* Release */ = {
			isa = XCBuildConfiguration;
			buildSettings = {
				ALWAYS_SEARCH_USER_PATHS = NO;
				CLANG_ANALYZER_NONNULL = YES;
				CLANG_ANALYZER_NUMBER_OBJECT_CONVERSION = YES_AGGRESSIVE;
				CLANG_CXX_LANGUAGE_STANDARD = "gnu++14";
				CLANG_CXX_LIBRARY = "libc++";
				CLANG_ENABLE_MODULES = YES;
				CLANG_ENABLE_OBJC_ARC = YES;
				CLANG_WARN_BLOCK_CAPTURE_AUTORELEASING = YES;
				CLANG_WARN_BOOL_CONVERSION = YES;
				CLANG_WARN_COMMA = YES;
				CLANG_WARN_CONSTANT_CONVERSION = YES;
				CLANG_WARN_DIRECT_OBJC_ISA_USAGE = YES_ERROR;
				CLANG_WARN_DOCUMENTATION_COMMENTS = YES;
				CLANG_WARN_EMPTY_BODY = YES;
				CLANG_WARN_ENUM_CONVERSION = YES;
				CLANG_WARN_INFINITE_RECURSION = YES;
				CLANG_WARN_INT_CONVERSION = YES;
				CLANG_WARN_NON_LITERAL_NULL_CONVERSION = YES;
				CLANG_WARN_OBJC_LITERAL_CONVERSION = YES;
				CLANG_WARN_OBJC_ROOT_CLASS = YES_ERROR;
				CLANG_WARN_RANGE_LOOP_ANALYSIS = YES;
				CLANG_WARN_STRICT_PROTOTYPES = YES;
				CLANG_WARN_SUSPICIOUS_MOVE = YES;
				CLANG_WARN_UNGUARDED_AVAILABILITY = YES_AGGRESSIVE;
				CLANG_WARN_UNREACHABLE_CODE = YES;
				CLANG_WARN__DUPLICATE_METHOD_MATCH = YES;
				CODE_SIGN_IDENTITY = "iPhone Developer";
				COPY_PHASE_STRIP = NO;
				DEBUG_INFORMATION_FORMAT = "dwarf-with-dsym";
				ENABLE_NS_ASSERTIONS = NO;
				ENABLE_STRICT_OBJC_MSGSEND = YES;
				GCC_C_LANGUAGE_STANDARD = gnu11;
				GCC_NO_COMMON_BLOCKS = YES;
				GCC_WARN_64_TO_32_BIT_CONVERSION = YES;
				GCC_WARN_ABOUT_RETURN_TYPE = YES_ERROR;
				GCC_WARN_UNDECLARED_SELECTOR = YES;
				GCC_WARN_UNINITIALIZED_AUTOS = YES_AGGRESSIVE;
				GCC_WARN_UNUSED_FUNCTION = YES;
				GCC_WARN_UNUSED_VARIABLE = YES;
				IPHONEOS_DEPLOYMENT_TARGET = 10.0;
				MTL_ENABLE_DEBUG_INFO = NO;
				SDKROOT = iphoneos;
				SWIFT_OPTIMIZATION_LEVEL = "-Owholemodule";
				SWIFT_VERSION = 5.0;
				VALIDATE_PRODUCT = YES;
			};
			name = Release;
		};
		651E4A2F1FC32CDD0029C990 /* Debug */ = {
			isa = XCBuildConfiguration;
			baseConfigurationReference = CFF8D6A2BE1A47718D9B6F46 /* Pods-PolygonAPI.debug.xcconfig */;
			buildSettings = {
				ASSETCATALOG_COMPILER_APPICON_NAME = AppIcon;
				CODE_SIGN_STYLE = Automatic;
				CURRENT_PROJECT_VERSION = 3;
				INFOPLIST_FILE = PolygonAPI/Info.plist;
				IPHONEOS_DEPLOYMENT_TARGET = 10.0;
				LD_RUNPATH_SEARCH_PATHS = "$(inherited) @executable_path/Frameworks";
				MARKETING_VERSION = 1.0.2;
				PRODUCT_BUNDLE_IDENTIFIER = com.xattacker.PolygonAPI;
				PRODUCT_NAME = "$(TARGET_NAME)";
				SWIFT_VERSION = 5.0;
				TARGETED_DEVICE_FAMILY = "1,2";
			};
			name = Debug;
		};
		651E4A301FC32CDD0029C990 /* Release */ = {
			isa = XCBuildConfiguration;
			baseConfigurationReference = 733020B5131D1E559A19A41A /* Pods-PolygonAPI.release.xcconfig */;
			buildSettings = {
				ASSETCATALOG_COMPILER_APPICON_NAME = AppIcon;
				CODE_SIGN_STYLE = Automatic;
				CURRENT_PROJECT_VERSION = 3;
				INFOPLIST_FILE = PolygonAPI/Info.plist;
				IPHONEOS_DEPLOYMENT_TARGET = 10.0;
				LD_RUNPATH_SEARCH_PATHS = "$(inherited) @executable_path/Frameworks";
				MARKETING_VERSION = 1.0.2;
				PRODUCT_BUNDLE_IDENTIFIER = com.xattacker.PolygonAPI;
				PRODUCT_NAME = "$(TARGET_NAME)";
				SWIFT_VERSION = 5.0;
				TARGETED_DEVICE_FAMILY = "1,2";
			};
			name = Release;
		};
/* End XCBuildConfiguration section */

/* Begin XCConfigurationList section */
		651E4A171FC32CDD0029C990 /* Build configuration list for PBXProject "PolygonAPI" */ = {
			isa = XCConfigurationList;
			buildConfigurations = (
				651E4A2C1FC32CDD0029C990 /* Debug */,
				651E4A2D1FC32CDD0029C990 /* Release */,
			);
			defaultConfigurationIsVisible = 0;
			defaultConfigurationName = Release;
		};
		651E4A2E1FC32CDD0029C990 /* Build configuration list for PBXNativeTarget "PolygonAPI" */ = {
			isa = XCConfigurationList;
			buildConfigurations = (
				651E4A2F1FC32CDD0029C990 /* Debug */,
				651E4A301FC32CDD0029C990 /* Release */,
			);
			defaultConfigurationIsVisible = 0;
			defaultConfigurationName = Release;
		};
/* End XCConfigurationList section */
	};
	rootObject = 651E4A141FC32CDD0029C990 /* Project object */;
}
